
Microsoft Visual Studio Solution File, Format Version 12.00
# Visual Studio Version 17
VisualStudioVersion = 17.0.31903.59
MinimumVisualStudioVersion = 10.0.40219.1
Project("{2150E333-8FDC-42A3-9474-1A3956D46DE8}") = "src", "src", "{827E0CD3-B72D-47B6-A68D-7590B98EB39B}"
EndProject
Project("{2150E333-8FDC-42A3-9474-1A3956D46DE8}") = "BuildingBlocks", "BuildingBlocks", "{90298CBA-BD6F-3A0A-69D5-97CAD7B05E7E}"
EndProject
Project("{2150E333-8FDC-42A3-9474-1A3956D46DE8}") = "Observability", "Observability", "{408E099D-E5BE-D435-3378-22A4F9BFB988}"
EndProject
Project("{FAE04EC0-301F-11D3-BF4B-00C04F79EFBC}") = "BuildingBlocks.Observability", "src\BuildingBlocks\Observability\BuildingBlocks.Observability.csproj", "{3BBD0B2C-4387-4630-AB45-71681F3A8EA9}"
EndProject
Project("{FAE04EC0-301F-11D3-BF4B-00C04F79EFBC}") = "BuildingBlocks.Persistence", "src\BuildingBlocks\Persistence\BuildingBlocks.Persistence.csproj", "{1EE1FF2B-9F82-4E29-B1B8-0B4890222423}"
EndProject
Project("{FAE04EC0-301F-11D3-BF4B-00C04F79EFBC}") = "BuildingBlocks.Messaging", "src\BuildingBlocks\Messaging\BuildingBlocks.Messaging.csproj", "{55780B3C-2AC1-4943-82D8-79BE6059F549}"
EndProject
Project("{FAE04EC0-301F-11D3-BF4B-00C04F79EFBC}") = "PaymentService.Api", "src\Services\PaymentService\Api\PaymentService.Api.csproj", "{0F7EEA42-D634-4A50-9F0A-5C6221C033A0}"
EndProject
Project("{FAE04EC0-301F-11D3-BF4B-00C04F79EFBC}") = "PaymentService.Application", "src\Services\PaymentService\Application\PaymentService.Application.csproj", "{C09B9BED-99C8-40C2-B431-43FD6794E381}"
EndProject
Project("{FAE04EC0-301F-11D3-BF4B-00C04F79EFBC}") = "PaymentService.Infrastructure", "src\Services\PaymentService\Infrastructure\PaymentService.Infrastructure.csproj", "{8EA42BA9-1BAF-4704-939A-050C8A0A7644}"
EndProject
Project("{FAE04EC0-301F-11D3-BF4B-00C04F79EFBC}") = "OrderService.Api", "src\Services\OrderService\Api\OrderService.Api.csproj", "{0029DFE5-DCC4-4527-9DBE-7E943D506FDA}"
EndProject
Project("{FAE04EC0-301F-11D3-BF4B-00C04F79EFBC}") = "OrderService.Application", "src\Services\OrderService\Application\OrderService.Application.csproj", "{6E6EE854-907B-45B0-8823-FDD59DCB4270}"
EndProject
Project("{FAE04EC0-301F-11D3-BF4B-00C04F79EFBC}") = "OrderService.Infrastructure", "src\Services\OrderService\Infrastructure\OrderService.Infrastructure.csproj", "{C6FED210-960B-4A7C-B061-3CF1C1C56817}"
EndProject
Project("{FAE04EC0-301F-11D3-BF4B-00C04F79EFBC}") = "OrderService.Domain", "src\Services\OrderService\Domain\OrderService.Domain.csproj", "{F46958F7-FCAF-432C-9C7D-152EE347A50D}"
EndProject
Project("{FAE04EC0-301F-11D3-BF4B-00C04F79EFBC}") = "InventoryService.Api", "src\Services\InventoryService\Api\InventoryService.Api.csproj", "{85179518-9936-41D4-9DAF-91FFFE1C77EB}"
EndProject
Project("{FAE04EC0-301F-11D3-BF4B-00C04F79EFBC}") = "InventoryService.Application", "src\Services\InventoryService\Application\InventoryService.Application.csproj", "{E69A0B14-649D-40E4-9424-85AF48E02A72}"
EndProject
Project("{FAE04EC0-301F-11D3-BF4B-00C04F79EFBC}") = "InventoryService.Infrastructure", "src\Services\InventoryService\Infrastructure\InventoryService.Infrastructure.csproj", "{43A52FD2-7289-44CC-89BE-24F491026735}"
EndProject
Project("{FAE04EC0-301F-11D3-BF4B-00C04F79EFBC}") = "InventoryService.Domain", "src\Services\InventoryService\Domain\InventoryService.Domain.csproj", "{577451D3-F08A-4117-84ED-F5310817B15E}"
EndProject
Project("{2150E333-8FDC-42A3-9474-1A3956D46DE8}") = "tests", "tests", "{0AB3BF05-4346-4AA6-1389-037BE0695223}"
EndProject
Project("{FAE04EC0-301F-11D3-BF4B-00C04F79EFBC}") = "OrderService.Tests", "tests\OrderService.Tests\OrderService.Tests.csproj", "{423C8CA8-DFE6-4645-AB65-AACE09A73F52}"
EndProject
Project("{FAE04EC0-301F-11D3-BF4B-00C04F79EFBC}") = "InventoryService.Tests", "tests\InventoryService.Tests\InventoryService.Tests.csproj", "{3F14FCFF-8946-4090-A30A-BD91A4B594C7}"
EndProject
Project("{FAE04EC0-301F-11D3-BF4B-00C04F79EFBC}") = "PaymentService.Tests", "tests\PaymentService.Tests\PaymentService.Tests.csproj", "{94597DF0-A332-4E94-AEA1-7593ACE74540}"
EndProject
Project("{FAE04EC0-301F-11D3-BF4B-00C04F79EFBC}") = "IntegrationTests", "tests\IntegrationTests\IntegrationTests.csproj", "{72E60C22-589B-4D92-851A-CE2B7CCEEF88}"
EndProject
Project("{FAE04EC0-301F-11D3-BF4B-00C04F79EFBC}") = "PerformanceTests", "tests\PerformanceTests\PerformanceTests.csproj", "{B3FA4232-79BA-4626-8249-5512B40B3732}"
EndProject
Global
	GlobalSection(SolutionConfigurationPlatforms) = preSolution
		Debug|Any CPU = Debug|Any CPU
		Debug|x64 = Debug|x64
		Debug|x86 = Debug|x86
		Release|Any CPU = Release|Any CPU
		Release|x64 = Release|x64
		Release|x86 = Release|x86
	EndGlobalSection
	GlobalSection(ProjectConfigurationPlatforms) = postSolution
		{3BBD0B2C-4387-4630-AB45-71681F3A8EA9}.Debug|Any CPU.ActiveCfg = Debug|Any CPU
		{3BBD0B2C-4387-4630-AB45-71681F3A8EA9}.Debug|Any CPU.Build.0 = Debug|Any CPU
		{3BBD0B2C-4387-4630-AB45-71681F3A8EA9}.Debug|x64.ActiveCfg = Debug|Any CPU
		{3BBD0B2C-4387-4630-AB45-71681F3A8EA9}.Debug|x64.Build.0 = Debug|Any CPU
		{3BBD0B2C-4387-4630-AB45-71681F3A8EA9}.Debug|x86.ActiveCfg = Debug|Any CPU
		{3BBD0B2C-4387-4630-AB45-71681F3A8EA9}.Debug|x86.Build.0 = Debug|Any CPU
		{3BBD0B2C-4387-4630-AB45-71681F3A8EA9}.Release|Any CPU.ActiveCfg = Release|Any CPU
		{3BBD0B2C-4387-4630-AB45-71681F3A8EA9}.Release|Any CPU.Build.0 = Release|Any CPU
		{3BBD0B2C-4387-4630-AB45-71681F3A8EA9}.Release|x64.ActiveCfg = Release|Any CPU
		{3BBD0B2C-4387-4630-AB45-71681F3A8EA9}.Release|x64.Build.0 = Release|Any CPU
		{3BBD0B2C-4387-4630-AB45-71681F3A8EA9}.Release|x86.ActiveCfg = Release|Any CPU
		{3BBD0B2C-4387-4630-AB45-71681F3A8EA9}.Release|x86.Build.0 = Release|Any CPU
		{1EE1FF2B-9F82-4E29-B1B8-0B4890222423}.Debug|Any CPU.ActiveCfg = Debug|Any CPU
		{1EE1FF2B-9F82-4E29-B1B8-0B4890222423}.Debug|Any CPU.Build.0 = Debug|Any CPU
		{1EE1FF2B-9F82-4E29-B1B8-0B4890222423}.Debug|x64.ActiveCfg = Debug|Any CPU
		{1EE1FF2B-9F82-4E29-B1B8-0B4890222423}.Debug|x64.Build.0 = Debug|Any CPU
		{1EE1FF2B-9F82-4E29-B1B8-0B4890222423}.Debug|x86.ActiveCfg = Debug|Any CPU
		{1EE1FF2B-9F82-4E29-B1B8-0B4890222423}.Debug|x86.Build.0 = Debug|Any CPU
		{1EE1FF2B-9F82-4E29-B1B8-0B4890222423}.Release|Any CPU.ActiveCfg = Release|Any CPU
		{1EE1FF2B-9F82-4E29-B1B8-0B4890222423}.Release|Any CPU.Build.0 = Release|Any CPU
		{1EE1FF2B-9F82-4E29-B1B8-0B4890222423}.Release|x64.ActiveCfg = Release|Any CPU
		{1EE1FF2B-9F82-4E29-B1B8-0B4890222423}.Release|x64.Build.0 = Release|Any CPU
		{1EE1FF2B-9F82-4E29-B1B8-0B4890222423}.Release|x86.ActiveCfg = Release|Any CPU
		{1EE1FF2B-9F82-4E29-B1B8-0B4890222423}.Release|x86.Build.0 = Release|Any CPU
		{55780B3C-2AC1-4943-82D8-79BE6059F549}.Debug|Any CPU.ActiveCfg = Debug|Any CPU
		{55780B3C-2AC1-4943-82D8-79BE6059F549}.Debug|Any CPU.Build.0 = Debug|Any CPU
		{55780B3C-2AC1-4943-82D8-79BE6059F549}.Debug|x64.ActiveCfg = Debug|Any CPU
		{55780B3C-2AC1-4943-82D8-79BE6059F549}.Debug|x64.Build.0 = Debug|Any CPU
		{55780B3C-2AC1-4943-82D8-79BE6059F549}.Debug|x86.ActiveCfg = Debug|Any CPU
		{55780B3C-2AC1-4943-82D8-79BE6059F549}.Debug|x86.Build.0 = Debug|Any CPU
		{55780B3C-2AC1-4943-82D8-79BE6059F549}.Release|Any CPU.ActiveCfg = Release|Any CPU
		{55780B3C-2AC1-4943-82D8-79BE6059F549}.Release|Any CPU.Build.0 = Release|Any CPU
		{55780B3C-2AC1-4943-82D8-79BE6059F549}.Release|x64.ActiveCfg = Release|Any CPU
		{55780B3C-2AC1-4943-82D8-79BE6059F549}.Release|x64.Build.0 = Release|Any CPU
		{55780B3C-2AC1-4943-82D8-79BE6059F549}.Release|x86.ActiveCfg = Release|Any CPU
		{55780B3C-2AC1-4943-82D8-79BE6059F549}.Release|x86.Build.0 = Release|Any CPU
		{0F7EEA42-D634-4A50-9F0A-5C6221C033A0}.Debug|Any CPU.ActiveCfg = Debug|Any CPU
		{0F7EEA42-D634-4A50-9F0A-5C6221C033A0}.Debug|Any CPU.Build.0 = Debug|Any CPU
		{0F7EEA42-D634-4A50-9F0A-5C6221C033A0}.Debug|x64.ActiveCfg = Debug|Any CPU
		{0F7EEA42-D634-4A50-9F0A-5C6221C033A0}.Debug|x64.Build.0 = Debug|Any CPU
		{0F7EEA42-D634-4A50-9F0A-5C6221C033A0}.Debug|x86.ActiveCfg = Debug|Any CPU
		{0F7EEA42-D634-4A50-9F0A-5C6221C033A0}.Debug|x86.Build.0 = Debug|Any CPU
		{0F7EEA42-D634-4A50-9F0A-5C6221C033A0}.Release|Any CPU.ActiveCfg = Release|Any CPU
		{0F7EEA42-D634-4A50-9F0A-5C6221C033A0}.Release|Any CPU.Build.0 = Release|Any CPU
		{0F7EEA42-D634-4A50-9F0A-5C6221C033A0}.Release|x64.ActiveCfg = Release|Any CPU
		{0F7EEA42-D634-4A50-9F0A-5C6221C033A0}.Release|x64.Build.0 = Release|Any CPU
		{0F7EEA42-D634-4A50-9F0A-5C6221C033A0}.Release|x86.ActiveCfg = Release|Any CPU
		{0F7EEA42-D634-4A50-9F0A-5C6221C033A0}.Release|x86.Build.0 = Release|Any CPU
		{C09B9BED-99C8-40C2-B431-43FD6794E381}.Debug|Any CPU.ActiveCfg = Debug|Any CPU
		{C09B9BED-99C8-40C2-B431-43FD6794E381}.Debug|Any CPU.Build.0 = Debug|Any CPU
		{C09B9BED-99C8-40C2-B431-43FD6794E381}.Debug|x64.ActiveCfg = Debug|Any CPU
		{C09B9BED-99C8-40C2-B431-43FD6794E381}.Debug|x64.Build.0 = Debug|Any CPU
		{C09B9BED-99C8-40C2-B431-43FD6794E381}.Debug|x86.ActiveCfg = Debug|Any CPU
		{C09B9BED-99C8-40C2-B431-43FD6794E381}.Debug|x86.Build.0 = Debug|Any CPU
		{C09B9BED-99C8-40C2-B431-43FD6794E381}.Release|Any CPU.ActiveCfg = Release|Any CPU
		{C09B9BED-99C8-40C2-B431-43FD6794E381}.Release|Any CPU.Build.0 = Release|Any CPU
		{C09B9BED-99C8-40C2-B431-43FD6794E381}.Release|x64.ActiveCfg = Release|Any CPU
		{C09B9BED-99C8-40C2-B431-43FD6794E381}.Release|x64.Build.0 = Release|Any CPU
		{C09B9BED-99C8-40C2-B431-43FD6794E381}.Release|x86.ActiveCfg = Release|Any CPU
		{C09B9BED-99C8-40C2-B431-43FD6794E381}.Release|x86.Build.0 = Release|Any CPU
		{8EA42BA9-1BAF-4704-939A-050C8A0A7644}.Debug|Any CPU.ActiveCfg = Debug|Any CPU
		{8EA42BA9-1BAF-4704-939A-050C8A0A7644}.Debug|Any CPU.Build.0 = Debug|Any CPU
		{8EA42BA9-1BAF-4704-939A-050C8A0A7644}.Debug|x64.ActiveCfg = Debug|Any CPU
		{8EA42BA9-1BAF-4704-939A-050C8A0A7644}.Debug|x64.Build.0 = Debug|Any CPU
		{8EA42BA9-1BAF-4704-939A-050C8A0A7644}.Debug|x86.ActiveCfg = Debug|Any CPU
		{8EA42BA9-1BAF-4704-939A-050C8A0A7644}.Debug|x86.Build.0 = Debug|Any CPU
		{8EA42BA9-1BAF-4704-939A-050C8A0A7644}.Release|Any CPU.ActiveCfg = Release|Any CPU
		{8EA42BA9-1BAF-4704-939A-050C8A0A7644}.Release|Any CPU.Build.0 = Release|Any CPU
		{8EA42BA9-1BAF-4704-939A-050C8A0A7644}.Release|x64.ActiveCfg = Release|Any CPU
		{8EA42BA9-1BAF-4704-939A-050C8A0A7644}.Release|x64.Build.0 = Release|Any CPU
		{8EA42BA9-1BAF-4704-939A-050C8A0A7644}.Release|x86.ActiveCfg = Release|Any CPU
		{8EA42BA9-1BAF-4704-939A-050C8A0A7644}.Release|x86.Build.0 = Release|Any CPU
		{0029DFE5-DCC4-4527-9DBE-7E943D506FDA}.Debug|Any CPU.ActiveCfg = Debug|Any CPU
		{0029DFE5-DCC4-4527-9DBE-7E943D506FDA}.Debug|Any CPU.Build.0 = Debug|Any CPU
		{0029DFE5-DCC4-4527-9DBE-7E943D506FDA}.Debug|x64.ActiveCfg = Debug|Any CPU
		{0029DFE5-DCC4-4527-9DBE-7E943D506FDA}.Debug|x64.Build.0 = Debug|Any CPU
		{0029DFE5-DCC4-4527-9DBE-7E943D506FDA}.Debug|x86.ActiveCfg = Debug|Any CPU
		{0029DFE5-DCC4-4527-9DBE-7E943D506FDA}.Debug|x86.Build.0 = Debug|Any CPU
		{0029DFE5-DCC4-4527-9DBE-7E943D506FDA}.Release|Any CPU.ActiveCfg = Release|Any CPU
		{0029DFE5-DCC4-4527-9DBE-7E943D506FDA}.Release|Any CPU.Build.0 = Release|Any CPU
		{0029DFE5-DCC4-4527-9DBE-7E943D506FDA}.Release|x64.ActiveCfg = Release|Any CPU
		{0029DFE5-DCC4-4527-9DBE-7E943D506FDA}.Release|x64.Build.0 = Release|Any CPU
		{0029DFE5-DCC4-4527-9DBE-7E943D506FDA}.Release|x86.ActiveCfg = Release|Any CPU
		{0029DFE5-DCC4-4527-9DBE-7E943D506FDA}.Release|x86.Build.0 = Release|Any CPU
		{6E6EE854-907B-45B0-8823-FDD59DCB4270}.Debug|Any CPU.ActiveCfg = Debug|Any CPU
		{6E6EE854-907B-45B0-8823-FDD59DCB4270}.Debug|Any CPU.Build.0 = Debug|Any CPU
		{6E6EE854-907B-45B0-8823-FDD59DCB4270}.Debug|x64.ActiveCfg = Debug|Any CPU
		{6E6EE854-907B-45B0-8823-FDD59DCB4270}.Debug|x64.Build.0 = Debug|Any CPU
		{6E6EE854-907B-45B0-8823-FDD59DCB4270}.Debug|x86.ActiveCfg = Debug|Any CPU
		{6E6EE854-907B-45B0-8823-FDD59DCB4270}.Debug|x86.Build.0 = Debug|Any CPU
		{6E6EE854-907B-45B0-8823-FDD59DCB4270}.Release|Any CPU.ActiveCfg = Release|Any CPU
		{6E6EE854-907B-45B0-8823-FDD59DCB4270}.Release|Any CPU.Build.0 = Release|Any CPU
		{6E6EE854-907B-45B0-8823-FDD59DCB4270}.Release|x64.ActiveCfg = Release|Any CPU
		{6E6EE854-907B-45B0-8823-FDD59DCB4270}.Release|x64.Build.0 = Release|Any CPU
		{6E6EE854-907B-45B0-8823-FDD59DCB4270}.Release|x86.ActiveCfg = Release|Any CPU
		{6E6EE854-907B-45B0-8823-FDD59DCB4270}.Release|x86.Build.0 = Release|Any CPU
		{C6FED210-960B-4A7C-B061-3CF1C1C56817}.Debug|Any CPU.ActiveCfg = Debug|Any CPU
		{C6FED210-960B-4A7C-B061-3CF1C1C56817}.Debug|Any CPU.Build.0 = Debug|Any CPU
		{C6FED210-960B-4A7C-B061-3CF1C1C56817}.Debug|x64.ActiveCfg = Debug|Any CPU
		{C6FED210-960B-4A7C-B061-3CF1C1C56817}.Debug|x64.Build.0 = Debug|Any CPU
		{C6FED210-960B-4A7C-B061-3CF1C1C56817}.Debug|x86.ActiveCfg = Debug|Any CPU
		{C6FED210-960B-4A7C-B061-3CF1C1C56817}.Debug|x86.Build.0 = Debug|Any CPU
		{C6FED210-960B-4A7C-B061-3CF1C1C56817}.Release|Any CPU.ActiveCfg = Release|Any CPU
		{C6FED210-960B-4A7C-B061-3CF1C1C56817}.Release|Any CPU.Build.0 = Release|Any CPU
		{C6FED210-960B-4A7C-B061-3CF1C1C56817}.Release|x64.ActiveCfg = Release|Any CPU
		{C6FED210-960B-4A7C-B061-3CF1C1C56817}.Release|x64.Build.0 = Release|Any CPU
		{C6FED210-960B-4A7C-B061-3CF1C1C56817}.Release|x86.ActiveCfg = Release|Any CPU
		{C6FED210-960B-4A7C-B061-3CF1C1C56817}.Release|x86.Build.0 = Release|Any CPU
		{F46958F7-FCAF-432C-9C7D-152EE347A50D}.Debug|Any CPU.ActiveCfg = Debug|Any CPU
		{F46958F7-FCAF-432C-9C7D-152EE347A50D}.Debug|Any CPU.Build.0 = Debug|Any CPU
		{F46958F7-FCAF-432C-9C7D-152EE347A50D}.Debug|x64.ActiveCfg = Debug|Any CPU
		{F46958F7-FCAF-432C-9C7D-152EE347A50D}.Debug|x64.Build.0 = Debug|Any CPU
		{F46958F7-FCAF-432C-9C7D-152EE347A50D}.Debug|x86.ActiveCfg = Debug|Any CPU
		{F46958F7-FCAF-432C-9C7D-152EE347A50D}.Debug|x86.Build.0 = Debug|Any CPU
		{F46958F7-FCAF-432C-9C7D-152EE347A50D}.Release|Any CPU.ActiveCfg = Release|Any CPU
		{F46958F7-FCAF-432C-9C7D-152EE347A50D}.Release|Any CPU.Build.0 = Release|Any CPU
		{F46958F7-FCAF-432C-9C7D-152EE347A50D}.Release|x64.ActiveCfg = Release|Any CPU
		{F46958F7-FCAF-432C-9C7D-152EE347A50D}.Release|x64.Build.0 = Release|Any CPU
		{F46958F7-FCAF-432C-9C7D-152EE347A50D}.Release|x86.ActiveCfg = Release|Any CPU
		{F46958F7-FCAF-432C-9C7D-152EE347A50D}.Release|x86.Build.0 = Release|Any CPU
		{85179518-9936-41D4-9DAF-91FFFE1C77EB}.Debug|Any CPU.ActiveCfg = Debug|Any CPU
		{85179518-9936-41D4-9DAF-91FFFE1C77EB}.Debug|Any CPU.Build.0 = Debug|Any CPU
		{85179518-9936-41D4-9DAF-91FFFE1C77EB}.Debug|x64.ActiveCfg = Debug|Any CPU
		{85179518-9936-41D4-9DAF-91FFFE1C77EB}.Debug|x64.Build.0 = Debug|Any CPU
		{85179518-9936-41D4-9DAF-91FFFE1C77EB}.Debug|x86.ActiveCfg = Debug|Any CPU
		{85179518-9936-41D4-9DAF-91FFFE1C77EB}.Debug|x86.Build.0 = Debug|Any CPU
		{85179518-9936-41D4-9DAF-91FFFE1C77EB}.Release|Any CPU.ActiveCfg = Release|Any CPU
		{85179518-9936-41D4-9DAF-91FFFE1C77EB}.Release|Any CPU.Build.0 = Release|Any CPU
		{85179518-9936-41D4-9DAF-91FFFE1C77EB}.Release|x64.ActiveCfg = Release|Any CPU
		{85179518-9936-41D4-9DAF-91FFFE1C77EB}.Release|x64.Build.0 = Release|Any CPU
		{85179518-9936-41D4-9DAF-91FFFE1C77EB}.Release|x86.ActiveCfg = Release|Any CPU
		{85179518-9936-41D4-9DAF-91FFFE1C77EB}.Release|x86.Build.0 = Release|Any CPU
		{E69A0B14-649D-40E4-9424-85AF48E02A72}.Debug|Any CPU.ActiveCfg = Debug|Any CPU
		{E69A0B14-649D-40E4-9424-85AF48E02A72}.Debug|Any CPU.Build.0 = Debug|Any CPU
		{E69A0B14-649D-40E4-9424-85AF48E02A72}.Debug|x64.ActiveCfg = Debug|Any CPU
		{E69A0B14-649D-40E4-9424-85AF48E02A72}.Debug|x64.Build.0 = Debug|Any CPU
		{E69A0B14-649D-40E4-9424-85AF48E02A72}.Debug|x86.ActiveCfg = Debug|Any CPU
		{E69A0B14-649D-40E4-9424-85AF48E02A72}.Debug|x86.Build.0 = Debug|Any CPU
		{E69A0B14-649D-40E4-9424-85AF48E02A72}.Release|Any CPU.ActiveCfg = Release|Any CPU
		{E69A0B14-649D-40E4-9424-85AF48E02A72}.Release|Any CPU.Build.0 = Release|Any CPU
		{E69A0B14-649D-40E4-9424-85AF48E02A72}.Release|x64.ActiveCfg = Release|Any CPU
		{E69A0B14-649D-40E4-9424-85AF48E02A72}.Release|x64.Build.0 = Release|Any CPU
		{E69A0B14-649D-40E4-9424-85AF48E02A72}.Release|x86.ActiveCfg = Release|Any CPU
		{E69A0B14-649D-40E4-9424-85AF48E02A72}.Release|x86.Build.0 = Release|Any CPU
		{43A52FD2-7289-44CC-89BE-24F491026735}.Debug|Any CPU.ActiveCfg = Debug|Any CPU
		{43A52FD2-7289-44CC-89BE-24F491026735}.Debug|Any CPU.Build.0 = Debug|Any CPU
		{43A52FD2-7289-44CC-89BE-24F491026735}.Debug|x64.ActiveCfg = Debug|Any CPU
		{43A52FD2-7289-44CC-89BE-24F491026735}.Debug|x64.Build.0 = Debug|Any CPU
		{43A52FD2-7289-44CC-89BE-24F491026735}.Debug|x86.ActiveCfg = Debug|Any CPU
		{43A52FD2-7289-44CC-89BE-24F491026735}.Debug|x86.Build.0 = Debug|Any CPU
		{43A52FD2-7289-44CC-89BE-24F491026735}.Release|Any CPU.ActiveCfg = Release|Any CPU
		{43A52FD2-7289-44CC-89BE-24F491026735}.Release|Any CPU.Build.0 = Release|Any CPU
		{43A52FD2-7289-44CC-89BE-24F491026735}.Release|x64.ActiveCfg = Release|Any CPU
		{43A52FD2-7289-44CC-89BE-24F491026735}.Release|x64.Build.0 = Release|Any CPU
		{43A52FD2-7289-44CC-89BE-24F491026735}.Release|x86.ActiveCfg = Release|Any CPU
		{43A52FD2-7289-44CC-89BE-24F491026735}.Release|x86.Build.0 = Release|Any CPU
		{577451D3-F08A-4117-84ED-F5310817B15E}.Debug|Any CPU.ActiveCfg = Debug|Any CPU
		{577451D3-F08A-4117-84ED-F5310817B15E}.Debug|Any CPU.Build.0 = Debug|Any CPU
		{577451D3-F08A-4117-84ED-F5310817B15E}.Debug|x64.ActiveCfg = Debug|Any CPU
		{577451D3-F08A-4117-84ED-F5310817B15E}.Debug|x64.Build.0 = Debug|Any CPU
		{577451D3-F08A-4117-84ED-F5310817B15E}.Debug|x86.ActiveCfg = Debug|Any CPU
		{577451D3-F08A-4117-84ED-F5310817B15E}.Debug|x86.Build.0 = Debug|Any CPU
		{577451D3-F08A-4117-84ED-F5310817B15E}.Release|Any CPU.ActiveCfg = Release|Any CPU
		{577451D3-F08A-4117-84ED-F5310817B15E}.Release|Any CPU.Build.0 = Release|Any CPU
		{577451D3-F08A-4117-84ED-F5310817B15E}.Release|x64.ActiveCfg = Release|Any CPU
		{577451D3-F08A-4117-84ED-F5310817B15E}.Release|x64.Build.0 = Release|Any CPU
		{577451D3-F08A-4117-84ED-F5310817B15E}.Release|x86.ActiveCfg = Release|Any CPU
		{577451D3-F08A-4117-84ED-F5310817B15E}.Release|x86.Build.0 = Release|Any CPU
		{423C8CA8-DFE6-4645-AB65-AACE09A73F52}.Debug|Any CPU.ActiveCfg = Debug|Any CPU
		{423C8CA8-DFE6-4645-AB65-AACE09A73F52}.Debug|Any CPU.Build.0 = Debug|Any CPU
		{423C8CA8-DFE6-4645-AB65-AACE09A73F52}.Debug|x64.ActiveCfg = Debug|Any CPU
		{423C8CA8-DFE6-4645-AB65-AACE09A73F52}.Debug|x64.Build.0 = Debug|Any CPU
		{423C8CA8-DFE6-4645-AB65-AACE09A73F52}.Debug|x86.ActiveCfg = Debug|Any CPU
		{423C8CA8-DFE6-4645-AB65-AACE09A73F52}.Debug|x86.Build.0 = Debug|Any CPU
		{423C8CA8-DFE6-4645-AB65-AACE09A73F52}.Release|Any CPU.ActiveCfg = Release|Any CPU
		{423C8CA8-DFE6-4645-AB65-AACE09A73F52}.Release|Any CPU.Build.0 = Release|Any CPU
		{423C8CA8-DFE6-4645-AB65-AACE09A73F52}.Release|x64.ActiveCfg = Release|Any CPU
		{423C8CA8-DFE6-4645-AB65-AACE09A73F52}.Release|x64.Build.0 = Release|Any CPU
		{423C8CA8-DFE6-4645-AB65-AACE09A73F52}.Release|x86.ActiveCfg = Release|Any CPU
		{423C8CA8-DFE6-4645-AB65-AACE09A73F52}.Release|x86.Build.0 = Release|Any CPU
		{3F14FCFF-8946-4090-A30A-BD91A4B594C7}.Debug|Any CPU.ActiveCfg = Debug|Any CPU
		{3F14FCFF-8946-4090-A30A-BD91A4B594C7}.Debug|Any CPU.Build.0 = Debug|Any CPU
		{3F14FCFF-8946-4090-A30A-BD91A4B594C7}.Debug|x64.ActiveCfg = Debug|Any CPU
		{3F14FCFF-8946-4090-A30A-BD91A4B594C7}.Debug|x64.Build.0 = Debug|Any CPU
		{3F14FCFF-8946-4090-A30A-BD91A4B594C7}.Debug|x86.ActiveCfg = Debug|Any CPU
		{3F14FCFF-8946-4090-A30A-BD91A4B594C7}.Debug|x86.Build.0 = Debug|Any CPU
		{3F14FCFF-8946-4090-A30A-BD91A4B594C7}.Release|Any CPU.ActiveCfg = Release|Any CPU
		{3F14FCFF-8946-4090-A30A-BD91A4B594C7}.Release|Any CPU.Build.0 = Release|Any CPU
		{3F14FCFF-8946-4090-A30A-BD91A4B594C7}.Release|x64.ActiveCfg = Release|Any CPU
		{3F14FCFF-8946-4090-A30A-BD91A4B594C7}.Release|x64.Build.0 = Release|Any CPU
		{3F14FCFF-8946-4090-A30A-BD91A4B594C7}.Release|x86.ActiveCfg = Release|Any CPU
		{3F14FCFF-8946-4090-A30A-BD91A4B594C7}.Release|x86.Build.0 = Release|Any CPU
		{94597DF0-A332-4E94-AEA1-7593ACE74540}.Debug|Any CPU.ActiveCfg = Debug|Any CPU
		{94597DF0-A332-4E94-AEA1-7593ACE74540}.Debug|Any CPU.Build.0 = Debug|Any CPU
		{94597DF0-A332-4E94-AEA1-7593ACE74540}.Debug|x64.ActiveCfg = Debug|Any CPU
		{94597DF0-A332-4E94-AEA1-7593ACE74540}.Debug|x64.Build.0 = Debug|Any CPU
		{94597DF0-A332-4E94-AEA1-7593ACE74540}.Debug|x86.ActiveCfg = Debug|Any CPU
		{94597DF0-A332-4E94-AEA1-7593ACE74540}.Debug|x86.Build.0 = Debug|Any CPU
		{94597DF0-A332-4E94-AEA1-7593ACE74540}.Release|Any CPU.ActiveCfg = Release|Any CPU
		{94597DF0-A332-4E94-AEA1-7593ACE74540}.Release|Any CPU.Build.0 = Release|Any CPU
		{94597DF0-A332-4E94-AEA1-7593ACE74540}.Release|x64.ActiveCfg = Release|Any CPU
		{94597DF0-A332-4E94-AEA1-7593ACE74540}.Release|x64.Build.0 = Release|Any CPU
		{94597DF0-A332-4E94-AEA1-7593ACE74540}.Release|x86.ActiveCfg = Release|Any CPU
		{94597DF0-A332-4E94-AEA1-7593ACE74540}.Release|x86.Build.0 = Release|Any CPU
		{72E60C22-589B-4D92-851A-CE2B7CCEEF88}.Debug|Any CPU.ActiveCfg = Debug|Any CPU
		{72E60C22-589B-4D92-851A-CE2B7CCEEF88}.Debug|Any CPU.Build.0 = Debug|Any CPU
		{72E60C22-589B-4D92-851A-CE2B7CCEEF88}.Debug|x64.ActiveCfg = Debug|Any CPU
		{72E60C22-589B-4D92-851A-CE2B7CCEEF88}.Debug|x64.Build.0 = Debug|Any CPU
		{72E60C22-589B-4D92-851A-CE2B7CCEEF88}.Debug|x86.ActiveCfg = Debug|Any CPU
		{72E60C22-589B-4D92-851A-CE2B7CCEEF88}.Debug|x86.Build.0 = Debug|Any CPU
		{72E60C22-589B-4D92-851A-CE2B7CCEEF88}.Release|Any CPU.ActiveCfg = Release|Any CPU
		{72E60C22-589B-4D92-851A-CE2B7CCEEF88}.Release|Any CPU.Build.0 = Release|Any CPU
		{72E60C22-589B-4D92-851A-CE2B7CCEEF88}.Release|x64.ActiveCfg = Release|Any CPU
		{72E60C22-589B-4D92-851A-CE2B7CCEEF88}.Release|x64.Build.0 = Release|Any CPU
		{72E60C22-589B-4D92-851A-CE2B7CCEEF88}.Release|x86.ActiveCfg = Release|Any CPU
		{72E60C22-589B-4D92-851A-CE2B7CCEEF88}.Release|x86.Build.0 = Release|Any CPU
		{B3FA4232-79BA-4626-8249-5512B40B3732}.Debug|Any CPU.ActiveCfg = Debug|Any CPU
		{B3FA4232-79BA-4626-8249-5512B40B3732}.Debug|Any CPU.Build.0 = Debug|Any CPU
		{B3FA4232-79BA-4626-8249-5512B40B3732}.Debug|x64.ActiveCfg = Debug|Any CPU
		{B3FA4232-79BA-4626-8249-5512B40B3732}.Debug|x64.Build.0 = Debug|Any CPU
		{B3FA4232-79BA-4626-8249-5512B40B3732}.Debug|x86.ActiveCfg = Debug|Any CPU
		{B3FA4232-79BA-4626-8249-5512B40B3732}.Debug|x86.Build.0 = Debug|Any CPU
		{B3FA4232-79BA-4626-8249-5512B40B3732}.Release|Any CPU.ActiveCfg = Release|Any CPU
		{B3FA4232-79BA-4626-8249-5512B40B3732}.Release|Any CPU.Build.0 = Release|Any CPU
		{B3FA4232-79BA-4626-8249-5512B40B3732}.Release|x64.ActiveCfg = Release|Any CPU
		{B3FA4232-79BA-4626-8249-5512B40B3732}.Release|x64.Build.0 = Release|Any CPU
		{B3FA4232-79BA-4626-8249-5512B40B3732}.Release|x86.ActiveCfg = Release|Any CPU
		{B3FA4232-79BA-4626-8249-5512B40B3732}.Release|x86.Build.0 = Release|Any CPU
	EndGlobalSection
	GlobalSection(SolutionProperties) = preSolution
		HideSolutionNode = FALSE
	EndGlobalSection
	GlobalSection(NestedProjects) = preSolution
		{90298CBA-BD6F-3A0A-69D5-97CAD7B05E7E} = {827E0CD3-B72D-47B6-A68D-7590B98EB39B}
		{408E099D-E5BE-D435-3378-22A4F9BFB988} = {90298CBA-BD6F-3A0A-69D5-97CAD7B05E7E}
		{3BBD0B2C-4387-4630-AB45-71681F3A8EA9} = {408E099D-E5BE-D435-3378-22A4F9BFB988}
		{1EE1FF2B-9F82-4E29-B1B8-0B4890222423} = {408E099D-E5BE-D435-3378-22A4F9BFB988}
		{55780B3C-2AC1-4943-82D8-79BE6059F549} = {408E099D-E5BE-D435-3378-22A4F9BFB988}
		{0F7EEA42-D634-4A50-9F0A-5C6221C033A0} = {408E099D-E5BE-D435-3378-22A4F9BFB988}
		{C09B9BED-99C8-40C2-B431-43FD6794E381} = {408E099D-E5BE-D435-3378-22A4F9BFB988}
		{8EA42BA9-1BAF-4704-939A-050C8A0A7644} = {408E099D-E5BE-D435-3378-22A4F9BFB988}
		{0029DFE5-DCC4-4527-9DBE-7E943D506FDA} = {408E099D-E5BE-D435-3378-22A4F9BFB988}
		{6E6EE854-907B-45B0-8823-FDD59DCB4270} = {408E099D-E5BE-D435-3378-22A4F9BFB988}
		{C6FED210-960B-4A7C-B061-3CF1C1C56817} = {408E099D-E5BE-D435-3378-22A4F9BFB988}
		{F46958F7-FCAF-432C-9C7D-152EE347A50D} = {408E099D-E5BE-D435-3378-22A4F9BFB988}
		{85179518-9936-41D4-9DAF-91FFFE1C77EB} = {408E099D-E5BE-D435-3378-22A4F9BFB988}
		{E69A0B14-649D-40E4-9424-85AF48E02A72} = {408E099D-E5BE-D435-3378-22A4F9BFB988}
		{43A52FD2-7289-44CC-89BE-24F491026735} = {408E099D-E5BE-D435-3378-22A4F9BFB988}
		{577451D3-F08A-4117-84ED-F5310817B15E} = {408E099D-E5BE-D435-3378-22A4F9BFB988}
		{423C8CA8-DFE6-4645-AB65-AACE09A73F52} = {0AB3BF05-4346-4AA6-1389-037BE0695223}
		{3F14FCFF-8946-4090-A30A-BD91A4B594C7} = {0AB3BF05-4346-4AA6-1389-037BE0695223}
		{94597DF0-A332-4E94-AEA1-7593ACE74540} = {0AB3BF05-4346-4AA6-1389-037BE0695223}
		{72E60C22-589B-4D92-851A-CE2B7CCEEF88} = {0AB3BF05-4346-4AA6-1389-037BE0695223}
		{B3FA4232-79BA-4626-8249-5512B40B3732} = {0AB3BF05-4346-4AA6-1389-037BE0695223}
	EndGlobalSection
EndGlobal
